
Microsoft Visual Studio Solution File, Format Version 11.00
# Visual C++ Express 2010
Project("{8BC9CEB8-8B4A-11D0-8D11-00A0C91BC942}") = "EasyTwitterManager", "EasyTwitterManager\EasyTwitterManager.vcxproj", "{4B67E5D3-B72D-4F26-8A1B-1BFC1919117D}"
EndProject
Global
	GlobalSection(SolutionConfigurationPlatforms) = preSolution
		Debug|Win32 = Debug|Win32
		Release|Win32 = Release|Win32
	EndGlobalSection
	GlobalSection(ProjectConfigurationPlatforms) = postSolution
		{4B67E5D3-B72D-4F26-8A1B-1BFC1919117D}.Debug|Win32.ActiveCfg = Debug|Win32
		{4B67E5D3-B72D-4F26-8A1B-1BFC1919117D}.Debug|Win32.Build.0 = Debug|Win32
		{4B67E5D3-B72D-4F26-8A1B-1BFC1919117D}.Release|Win32.ActiveCfg = Release|Win32
		{4B67E5D3-B72D-4F26-8A1B-1BFC1919117D}.Release|Win32.Build.0 = Release|Win32
	EndGlobalSection
	GlobalSection(SolutionProperties) = preSolution
		HideSolutionNode = FALSE
	EndGlobalSection
EndGlobal
